// !$*UTF8*$!
{
	archiveVersion = 1;
	classes = {
	};
	objectVersion = 50;
	objects = {

/* Begin PBXBuildFile section */
		899C5CE4304E286E4EE88048 /* Pods_BarcodeDemo.framework in Frameworks */ = {isa = PBXBuildFile; fileRef = A4061DAC808B44FEB4774473 /* Pods_BarcodeDemo.framework */; };
		DC09DE7620E51D2D00679BBB /* AppDelegate.swift in Sources */ = {isa = PBXBuildFile; fileRef = DC09DE7520E51D2D00679BBB /* AppDelegate.swift */; };
		DC09DE7820E51D2D00679BBB /* ViewController.swift in Sources */ = {isa = PBXBuildFile; fileRef = DC09DE7720E51D2D00679BBB /* ViewController.swift */; };
		DC09DE7B20E51D2D00679BBB /* Main.storyboard in Resources */ = {isa = PBXBuildFile; fileRef = DC09DE7920E51D2D00679BBB /* Main.storyboard */; };
		DC09DE7D20E51D3700679BBB /* Assets.xcassets in Resources */ = {isa = PBXBuildFile; fileRef = DC09DE7C20E51D3700679BBB /* Assets.xcassets */; };
		DC09DE8020E51D3700679BBB /* LaunchScreen.storyboard in Resources */ = {isa = PBXBuildFile; fileRef = DC09DE7E20E51D3700679BBB /* LaunchScreen.storyboard */; };
		DC5DA10B20EACC6000BC986F /* BarcodeScanViewController.swift in Sources */ = {isa = PBXBuildFile; fileRef = DC5DA10A20EACC6000BC986F /* BarcodeScanViewController.swift */; };
/* End PBXBuildFile section */

/* Begin PBXFileReference section */
		87309FA7AA1F78C22C68D991 /* Pods-BarcodeDemo.debug.xcconfig */ = {isa = PBXFileReference; includeInIndex = 1; lastKnownFileType = text.xcconfig; name = "Pods-BarcodeDemo.debug.xcconfig"; path = "Pods/Target Support Files/Pods-BarcodeDemo/Pods-BarcodeDemo.debug.xcconfig"; sourceTree = "<group>"; };
		A4061DAC808B44FEB4774473 /* Pods_BarcodeDemo.framework */ = {isa = PBXFileReference; explicitFileType = wrapper.framework; includeInIndex = 0; path = Pods_BarcodeDemo.framework; sourceTree = BUILT_PRODUCTS_DIR; };
		B7E4544A1042ABAC046AA1D3 /* Pods-BarcodeDemo.release.xcconfig */ = {isa = PBXFileReference; includeInIndex = 1; lastKnownFileType = text.xcconfig; name = "Pods-BarcodeDemo.release.xcconfig"; path = "Pods/Target Support Files/Pods-BarcodeDemo/Pods-BarcodeDemo.release.xcconfig"; sourceTree = "<group>"; };
		DC09DE7220E51D2D00679BBB /* BarcodeDemo.app */ = {isa = PBXFileReference; explicitFileType = wrapper.application; includeInIndex = 0; path = BarcodeDemo.app; sourceTree = BUILT_PRODUCTS_DIR; };
		DC09DE7520E51D2D00679BBB /* AppDelegate.swift */ = {isa = PBXFileReference; lastKnownFileType = sourcecode.swift; path = AppDelegate.swift; sourceTree = "<group>"; };
		DC09DE7720E51D2D00679BBB /* ViewController.swift */ = {isa = PBXFileReference; lastKnownFileType = sourcecode.swift; path = ViewController.swift; sourceTree = "<group>"; };
		DC09DE7A20E51D2D00679BBB /* Base */ = {isa = PBXFileReference; lastKnownFileType = file.storyboard; name = Base; path = Base.lproj/Main.storyboard; sourceTree = "<group>"; };
		DC09DE7C20E51D3700679BBB /* Assets.xcassets */ = {isa = PBXFileReference; lastKnownFileType = folder.assetcatalog; path = Assets.xcassets; sourceTree = "<group>"; };
		DC09DE7F20E51D3700679BBB /* Base */ = {isa = PBXFileReference; lastKnownFileType = file.storyboard; name = Base; path = Base.lproj/LaunchScreen.storyboard; sourceTree = "<group>"; };
		DC09DE8120E51D3700679BBB /* Info.plist */ = {isa = PBXFileReference; lastKnownFileType = text.plist.xml; path = Info.plist; sourceTree = "<group>"; };
		DC5DA10A20EACC6000BC986F /* BarcodeScanViewController.swift */ = {isa = PBXFileReference; lastKnownFileType = sourcecode.swift; path = BarcodeScanViewController.swift; sourceTree = "<group>"; };
/* End PBXFileReference section */

/* Begin PBXFrameworksBuildPhase section */
		DC09DE6F20E51D2D00679BBB /* Frameworks */ = {
			isa = PBXFrameworksBuildPhase;
			buildActionMask = 2147483647;
			files = (
				899C5CE4304E286E4EE88048 /* Pods_BarcodeDemo.framework in Frameworks */,
			);
			runOnlyForDeploymentPostprocessing = 0;
		};
/* End PBXFrameworksBuildPhase section */

/* Begin PBXGroup section */
		96FBF53DE94A4A81F8277A89 /* Frameworks */ = {
			isa = PBXGroup;
			children = (
				A4061DAC808B44FEB4774473 /* Pods_BarcodeDemo.framework */,
			);
			name = Frameworks;
			sourceTree = "<group>";
		};
		DC09DE6920E51D2D00679BBB = {
			isa = PBXGroup;
			children = (
				DC09DE7420E51D2D00679BBB /* BarcodeDemo */,
				DC09DE7320E51D2D00679BBB /* Products */,
				F944FA2321793CE628EC40B0 /* Pods */,
				96FBF53DE94A4A81F8277A89 /* Frameworks */,
			);
			sourceTree = "<group>";
		};
		DC09DE7320E51D2D00679BBB /* Products */ = {
			isa = PBXGroup;
			children = (
				DC09DE7220E51D2D00679BBB /* BarcodeDemo.app */,
			);
			name = Products;
			sourceTree = "<group>";
		};
		DC09DE7420E51D2D00679BBB /* BarcodeDemo */ = {
			isa = PBXGroup;
			children = (
				DC09DE7520E51D2D00679BBB /* AppDelegate.swift */,
				DC09DE7720E51D2D00679BBB /* ViewController.swift */,
				DC09DE7920E51D2D00679BBB /* Main.storyboard */,
				DC09DE7C20E51D3700679BBB /* Assets.xcassets */,
				DC09DE7E20E51D3700679BBB /* LaunchScreen.storyboard */,
				DC09DE8120E51D3700679BBB /* Info.plist */,
				DC5DA10A20EACC6000BC986F /* BarcodeScanViewController.swift */,
			);
			path = BarcodeDemo;
			sourceTree = "<group>";
		};
		F944FA2321793CE628EC40B0 /* Pods */ = {
			isa = PBXGroup;
			children = (
				87309FA7AA1F78C22C68D991 /* Pods-BarcodeDemo.debug.xcconfig */,
				B7E4544A1042ABAC046AA1D3 /* Pods-BarcodeDemo.release.xcconfig */,
			);
			name = Pods;
			sourceTree = "<group>";
		};
/* End PBXGroup section */

/* Begin PBXNativeTarget section */
		DC09DE7120E51D2D00679BBB /* BarcodeDemo */ = {
			isa = PBXNativeTarget;
			buildConfigurationList = DC09DE8420E51D3700679BBB /* Build configuration list for PBXNativeTarget "BarcodeDemo" */;
			buildPhases = (
				950D0084DCFAE45227CB606E /* [CP] Check Pods Manifest.lock */,
				DC09DE6E20E51D2D00679BBB /* Sources */,
				DC09DE6F20E51D2D00679BBB /* Frameworks */,
				DC09DE7020E51D2D00679BBB /* Resources */,
				3010761491CDE9F5303D0BDC /* [CP] Embed Pods Frameworks */,
			);
			buildRules = (
			);
			dependencies = (
			);
			name = BarcodeDemo;
			productName = BarcodeDemo;
			productReference = DC09DE7220E51D2D00679BBB /* BarcodeDemo.app */;
			productType = "com.apple.product-type.application";
		};
/* End PBXNativeTarget section */

/* Begin PBXProject section */
		DC09DE6A20E51D2D00679BBB /* Project object */ = {
			isa = PBXProject;
			attributes = {
				LastSwiftUpdateCheck = 0940;
				LastUpgradeCheck = 0940;
				ORGANIZATIONNAME = "Pos Cash";
				TargetAttributes = {
					DC09DE7120E51D2D00679BBB = {
						CreatedOnToolsVersion = 9.4.1;
					};
				};
			};
			buildConfigurationList = DC09DE6D20E51D2D00679BBB /* Build configuration list for PBXProject "BarcodeDemo" */;
			compatibilityVersion = "Xcode 9.3";
			developmentRegion = en;
			hasScannedForEncodings = 0;
			knownRegions = (
				en,
				Base,
			);
			mainGroup = DC09DE6920E51D2D00679BBB;
			productRefGroup = DC09DE7320E51D2D00679BBB /* Products */;
			projectDirPath = "";
			projectRoot = "";
			targets = (
				DC09DE7120E51D2D00679BBB /* BarcodeDemo */,
			);
		};
/* End PBXProject section */

/* Begin PBXResourcesBuildPhase section */
		DC09DE7020E51D2D00679BBB /* Resources */ = {
			isa = PBXResourcesBuildPhase;
			buildActionMask = 2147483647;
			files = (
				DC09DE8020E51D3700679BBB /* LaunchScreen.storyboard in Resources */,
				DC09DE7D20E51D3700679BBB /* Assets.xcassets in Resources */,
				DC09DE7B20E51D2D00679BBB /* Main.storyboard in Resources */,
			);
			runOnlyForDeploymentPostprocessing = 0;
		};
/* End PBXResourcesBuildPhase section */

/* Begin PBXShellScriptBuildPhase section */
		3010761491CDE9F5303D0BDC /* [CP] Embed Pods Frameworks */ = {
			isa = PBXShellScriptBuildPhase;
			buildActionMask = 2147483647;
			files = (
			);
			inputPaths = (
				"${SRCROOT}/Pods/Target Support Files/Pods-BarcodeDemo/Pods-BarcodeDemo-frameworks.sh",
				"${BUILT_PRODUCTS_DIR}/BarcodeScanner/BarcodeScanner.framework",
			);
			name = "[CP] Embed Pods Frameworks";
			outputPaths = (
				"${TARGET_BUILD_DIR}/${FRAMEWORKS_FOLDER_PATH}/BarcodeScanner.framework",
			);
			runOnlyForDeploymentPostprocessing = 0;
			shellPath = /bin/sh;
			shellScript = "\"${SRCROOT}/Pods/Target Support Files/Pods-BarcodeDemo/Pods-BarcodeDemo-frameworks.sh\"\n";
			showEnvVarsInLog = 0;
		};
		950D0084DCFAE45227CB606E /* [CP] Check Pods Manifest.lock */ = {
			isa = PBXShellScriptBuildPhase;
			buildActionMask = 2147483647;
			files = (
			);
			inputPaths = (
				"${PODS_PODFILE_DIR_PATH}/Podfile.lock",
				"${PODS_ROOT}/Manifest.lock",
			);
			name = "[CP] Check Pods Manifest.lock";
			outputPaths = (
				"$(DERIVED_FILE_DIR)/Pods-BarcodeDemo-checkManifestLockResult.txt",
			);
			runOnlyForDeploymentPostprocessing = 0;
			shellPath = /bin/sh;
			shellScript = "diff \"${PODS_PODFILE_DIR_PATH}/Podfile.lock\" \"${PODS_ROOT}/Manifest.lock\" > /dev/null\nif [ $? != 0 ] ; then\n    # print error to STDERR\n    echo \"error: The sandbox is not in sync with the Podfile.lock. Run 'pod install' or update your CocoaPods installation.\" >&2\n    exit 1\nfi\n# This output is used by Xcode 'outputs' to avoid re-running this script phase.\necho \"SUCCESS\" > \"${SCRIPT_OUTPUT_FILE_0}\"\n";
			showEnvVarsInLog = 0;
		};
/* End PBXShellScriptBuildPhase section */

/* Begin PBXSourcesBuildPhase section */
		DC09DE6E20E51D2D00679BBB /* Sources */ = {
			isa = PBXSourcesBuildPhase;
			buildActionMask = 2147483647;
			files = (
				DC5DA10B20EACC6000BC986F /* BarcodeScanViewController.swift in Sources */,
				DC09DE7820E51D2D00679BBB /* ViewController.swift in Sources */,
				DC09DE7620E51D2D00679BBB /* AppDelegate.swift in Sources */,
			);
			runOnlyForDeploymentPostprocessing = 0;
		};
/* End PBXSourcesBuildPhase section */

/* Begin PBXVariantGroup section */
		DC09DE7920E51D2D00679BBB /* Main.storyboard */ = {
			isa = PBXVariantGroup;
			children = (
				DC09DE7A20E51D2D00679BBB /* Base */,
			);
			name = Main.storyboard;
			sourceTree = "<group>";
		};
		DC09DE7E20E51D3700679BBB /* LaunchScreen.storyboard */ = {
			isa = PBXVariantGroup;
			children = (
				DC09DE7F20E51D3700679BBB /* Base */,
			);
			name = LaunchScreen.storyboard;
			sourceTree = "<group>";
		};
/* End PBXVariantGroup section */

/* Begin XCBuildConfiguration section */
		DC09DE8220E51D3700679BBB /* Debug */ = {
			isa = XCBuildConfiguration;
			buildSettings = {
				ALWAYS_SEARCH_USER_PATHS = NO;
				CLANG_ANALYZER_NONNULL = YES;
				CLANG_ANALYZER_NUMBER_OBJECT_CONVERSION = YES_AGGRESSIVE;
				CLANG_CXX_LANGUAGE_STANDARD = "gnu++14";
				CLANG_CXX_LIBRARY = "libc++";
				CLANG_ENABLE_MODULES = YES;
				CLANG_ENABLE_OBJC_ARC = YES;
				CLANG_ENABLE_OBJC_WEAK = YES;
				CLANG_WARN_BLOCK_CAPTURE_AUTORELEASING = YES;
				CLANG_WARN_BOOL_CONVERSION = YES;
				CLANG_WARN_COMMA = YES;
				CLANG_WARN_CONSTANT_CONVERSION = YES;
				CLANG_WARN_DEPRECATED_OBJC_IMPLEMENTATIONS = YES;
				CLANG_WARN_DIRECT_OBJC_ISA_USAGE = YES_ERROR;
				CLANG_WARN_DOCUMENTATION_COMMENTS = YES;
				CLANG_WARN_EMPTY_BODY = YES;
				CLANG_WARN_ENUM_CONVERSION = YES;
				CLANG_WARN_INFINITE_RECURSION = YES;
				CLANG_WARN_INT_CONVERSION = YES;
				CLANG_WARN_NON_LITERAL_NULL_CONVERSION = YES;
				CLANG_WARN_OBJC_IMPLICIT_RETAIN_SELF = YES;
				CLANG_WARN_OBJC_LITERAL_CONVERSION = YES;
				CLANG_WARN_OBJC_ROOT_CLASS = YES_ERROR;
				CLANG_WARN_RANGE_LOOP_ANALYSIS = YES;
				CLANG_WARN_STRICT_PROTOTYPES = YES;
				CLANG_WARN_SUSPICIOUS_MOVE = YES;
				CLANG_WARN_UNGUARDED_AVAILABILITY = YES_AGGRESSIVE;
				CLANG_WARN_UNREACHABLE_CODE = YES;
				CLANG_WARN__DUPLICATE_METHOD_MATCH = YES;
				CODE_SIGN_IDENTITY = "iPhone Developer";
				COPY_PHASE_STRIP = NO;
				DEBUG_INFORMATION_FORMAT = dwarf;
				ENABLE_STRICT_OBJC_MSGSEND = YES;
				ENABLE_TESTABILITY = YES;
				GCC_C_LANGUAGE_STANDARD = gnu11;
				GCC_DYNAMIC_NO_PIC = NO;
				GCC_NO_COMMON_BLOCKS = YES;
				GCC_OPTIMIZATION_LEVEL = 0;
				GCC_PREPROCESSOR_DEFINITIONS = (
					"DEBUG=1",
					"$(inherited)",
				);
				GCC_WARN_64_TO_32_BIT_CONVERSION = YES;
				GCC_WARN_ABOUT_RETURN_TYPE = YES_ERROR;
				GCC_WARN_UNDECLARED_SELECTOR = YES;
				GCC_WARN_UNINITIALIZED_AUTOS = YES_AGGRESSIVE;
				GCC_WARN_UNUSED_FUNCTION = YES;
				GCC_WARN_UNUSED_VARIABLE = YES;
				IPHONEOS_DEPLOYMENT_TARGET = 11.4;
				MTL_ENABLE_DEBUG_INFO = YES;
				ONLY_ACTIVE_ARCH = YES;
				SDKROOT = iphoneos;
				SWIFT_ACTIVE_COMPILATION_CONDITIONS = DEBUG;
				SWIFT_OPTIMIZATION_LEVEL = "-Onone";
			};
			name = Debug;
		};
		DC09DE8320E51D3700679BBB /* Release */ = {
			isa = XCBuildConfiguration;
			buildSettings = {
				ALWAYS_SEARCH_USER_PATHS = NO;
				CLANG_ANALYZER_NONNULL = YES;
				CLANG_ANALYZER_NUMBER_OBJECT_CONVERSION = YES_AGGRESSIVE;
				CLANG_CXX_LANGUAGE_STANDARD = "gnu++14";
				CLANG_CXX_LIBRARY = "libc++";
				CLANG_ENABLE_MODULES = YES;
				CLANG_ENABLE_OBJC_ARC = YES;
				CLANG_ENABLE_OBJC_WEAK = YES;
				CLANG_WARN_BLOCK_CAPTURE_AUTORELEASING = YES;
				CLANG_WARN_BOOL_CONVERSION = YES;
				CLANG_WARN_COMMA = YES;
				CLANG_WARN_CONSTANT_CONVERSION = YES;
				CLANG_WARN_DEPRECATED_OBJC_IMPLEMENTATIONS = YES;
				CLANG_WARN_DIRECT_OBJC_ISA_USAGE = YES_ERROR;
				CLANG_WARN_DOCUMENTATION_COMMENTS = YES;
				CLANG_WARN_EMPTY_BODY = YES;
				CLANG_WARN_ENUM_CONVERSION = YES;
				CLANG_WARN_INFINITE_RECURSION = YES;
				CLANG_WARN_INT_CONVERSION = YES;
				CLANG_WARN_NON_LITERAL_NULL_CONVERSION = YES;
				CLANG_WARN_OBJC_IMPLICIT_RETAIN_SELF = YES;
				CLANG_WARN_OBJC_LITERAL_CONVERSION = YES;
				CLANG_WARN_OBJC_ROOT_CLASS = YES_ERROR;
				CLANG_WARN_RANGE_LOOP_ANALYSIS = YES;
				CLANG_WARN_STRICT_PROTOTYPES = YES;
				CLANG_WARN_SUSPICIOUS_MOVE = YES;
				CLANG_WARN_UNGUARDED_AVAILABILITY = YES_AGGRESSIVE;
				CLANG_WARN_UNREACHABLE_CODE = YES;
				CLANG_WARN__DUPLICATE_METHOD_MATCH = YES;
				CODE_SIGN_IDENTITY = "iPhone Developer";
				COPY_PHASE_STRIP = NO;
				DEBUG_INFORMATION_FORMAT = "dwarf-with-dsym";
				ENABLE_NS_ASSERTIONS = NO;
				ENABLE_STRICT_OBJC_MSGSEND = YES;
				GCC_C_LANGUAGE_STANDARD = gnu11;
				GCC_NO_COMMON_BLOCKS = YES;
				GCC_WARN_64_TO_32_BIT_CONVERSION = YES;
				GCC_WARN_ABOUT_RETURN_TYPE = YES_ERROR;
				GCC_WARN_UNDECLARED_SELECTOR = YES;
				GCC_WARN_UNINITIALIZED_AUTOS = YES_AGGRESSIVE;
				GCC_WARN_UNUSED_FUNCTION = YES;
				GCC_WARN_UNUSED_VARIABLE = YES;
				IPHONEOS_DEPLOYMENT_TARGET = 11.4;
				MTL_ENABLE_DEBUG_INFO = NO;
				SDKROOT = iphoneos;
				SWIFT_COMPILATION_MODE = wholemodule;
				SWIFT_OPTIMIZATION_LEVEL = "-O";
				VALIDATE_PRODUCT = YES;
			};
			name = Release;
		};
		DC09DE8520E51D3700679BBB /* Debug */ = {
			isa = XCBuildConfiguration;
			baseConfigurationReference = 87309FA7AA1F78C22C68D991 /* Pods-BarcodeDemo.debug.xcconfig */;
			buildSettings = {
				ASSETCATALOG_COMPILER_APPICON_NAME = AppIcon;
				CODE_SIGN_STYLE = Automatic;
				DEVELOPMENT_TEAM = MZ982Z982H;
				INFOPLIST_FILE = BarcodeDemo/Info.plist;
				LD_RUNPATH_SEARCH_PATHS = (
					"$(inherited)",
					"@executable_path/Frameworks",
				);
				PRODUCT_BUNDLE_IDENTIFIER = br.com.poscash.BarcodeDemo;
				PRODUCT_NAME = "$(TARGET_NAME)";
				SWIFT_VERSION = 4.0;
				TARGETED_DEVICE_FAMILY = "1,2";
			};
			name = Debug;
		};
		DC09DE8620E51D3700679BBB /* Release */ = {
			isa = XCBuildConfiguration;
			baseConfigurationReference = B7E4544A1042ABAC046AA1D3 /* Pods-BarcodeDemo.release.xcconfig */;
			buildSettings = {
				ASSETCATALOG_COMPILER_APPICON_NAME = AppIcon;
				CODE_SIGN_STYLE = Automatic;
				DEVELOPMENT_TEAM = MZ982Z982H;
				INFOPLIST_FILE = BarcodeDemo/Info.plist;
				LD_RUNPATH_SEARCH_PATHS = (
					"$(inherited)",
					"@executable_path/Frameworks",
				);
				PRODUCT_BUNDLE_IDENTIFIER = br.com.poscash.BarcodeDemo;
				PRODUCT_NAME = "$(TARGET_NAME)";
				SWIFT_VERSION = 4.0;
				TARGETED_DEVICE_FAMILY = "1,2";
			};
			name = Release;
		};
/* End XCBuildConfiguration section */

/* Begin XCConfigurationList section */
		DC09DE6D20E51D2D00679BBB /* Build configuration list for PBXProject "BarcodeDemo" */ = {
			isa = XCConfigurationList;
			buildConfigurations = (
				DC09DE8220E51D3700679BBB /* Debug */,
				DC09DE8320E51D3700679BBB /* Release */,
			);
			defaultConfigurationIsVisible = 0;
			defaultConfigurationName = Release;
		};
		DC09DE8420E51D3700679BBB /* Build configuration list for PBXNativeTarget "BarcodeDemo" */ = {
			isa = XCConfigurationList;
			buildConfigurations = (
				DC09DE8520E51D3700679BBB /* Debug */,
				DC09DE8620E51D3700679BBB /* Release */,
			);
			defaultConfigurationIsVisible = 0;
			defaultConfigurationName = Release;
		};
/* End XCConfigurationList section */
	};
	rootObject = DC09DE6A20E51D2D00679BBB /* Project object */;
}
